
Microsoft Visual Studio Solution File, Format Version 12.00
# Visual Studio Version 17
VisualStudioVersion = 17.8.34511.84
MinimumVisualStudioVersion = 10.0.40219.1
Project("{FAE04EC0-301F-11D3-BF4B-00C04F79EFBC}") = "MaintainStudentScores_Lab6", "MaintainStudentScores_Lab6\MaintainStudentScores_Lab6.csproj", "{31FEF51B-DD1B-4033-8FCC-F6D496B67DC5}"
EndProject
Global
	GlobalSection(SolutionConfigurationPlatforms) = preSolution
		Debug|Any CPU = Debug|Any CPU
		Release|Any CPU = Release|Any CPU
	EndGlobalSection
	GlobalSection(ProjectConfigurationPlatforms) = postSolution
		{31FEF51B-DD1B-4033-8FCC-F6D496B67DC5}.Debug|Any CPU.ActiveCfg = Debug|Any CPU
		{31FEF51B-DD1B-4033-8FCC-F6D496B67DC5}.Debug|Any CPU.Build.0 = Debug|Any CPU
		{31FEF51B-DD1B-4033-8FCC-F6D496B67DC5}.Release|Any CPU.ActiveCfg = Release|Any CPU
		{31FEF51B-DD1B-4033-8FCC-F6D496B67DC5}.Release|Any CPU.Build.0 = Release|Any CPU
	EndGlobalSection
	GlobalSection(SolutionProperties) = preSolution
		HideSolutionNode = FALSE
	EndGlobalSection
	GlobalSection(ExtensibilityGlobals) = postSolution
		SolutionGuid = {90792E48-D32F-49E9-AD8E-F4FC1A1048A8}
	EndGlobalSection
EndGlobal
